// !$*UTF8*$!
{
	archiveVersion = 1;
	classes = {
	};
	objectVersion = 55;
	objects = {

/* Begin PBXBuildFile section */
		4360135A27FB578100992315 /* CameraView.swift in Sources */ = {isa = PBXBuildFile; fileRef = 4360135927FB578100992315 /* CameraView.swift */; };
		436D903E27FD7BA000D42729 /* Sneaker.swift in Sources */ = {isa = PBXBuildFile; fileRef = 436D903D27FD7BA000D42729 /* Sneaker.swift */; };
		436D904027FD7EFF00D42729 /* User.swift in Sources */ = {isa = PBXBuildFile; fileRef = 436D903F27FD7EFF00D42729 /* User.swift */; };
		436D904327FD94C300D42729 /* WeatherModel.swift in Sources */ = {isa = PBXBuildFile; fileRef = 436D904227FD94C300D42729 /* WeatherModel.swift */; };
		436D904527FD951E00D42729 /* WeatherAPIClient.swift in Sources */ = {isa = PBXBuildFile; fileRef = 436D904427FD951E00D42729 /* WeatherAPIClient.swift */; };
		43DC98D927FB327B005FCADA /* clean_shoesApp.swift in Sources */ = {isa = PBXBuildFile; fileRef = 43DC98D827FB327B005FCADA /* clean_shoesApp.swift */; };
		43DC98DB27FB327B005FCADA /* ContentView.swift in Sources */ = {isa = PBXBuildFile; fileRef = 43DC98DA27FB327B005FCADA /* ContentView.swift */; };
		43DC98DD27FB327C005FCADA /* Assets.xcassets in Resources */ = {isa = PBXBuildFile; fileRef = 43DC98DC27FB327C005FCADA /* Assets.xcassets */; };
		43DC98E027FB327C005FCADA /* Preview Assets.xcassets in Resources */ = {isa = PBXBuildFile; fileRef = 43DC98DF27FB327C005FCADA /* Preview Assets.xcassets */; };
		43DC98EA27FB327C005FCADA /* clean_shoesTests.swift in Sources */ = {isa = PBXBuildFile; fileRef = 43DC98E927FB327C005FCADA /* clean_shoesTests.swift */; };
		43DC98F427FB327C005FCADA /* clean_shoesUITests.swift in Sources */ = {isa = PBXBuildFile; fileRef = 43DC98F327FB327C005FCADA /* clean_shoesUITests.swift */; };
		43DC98F627FB327C005FCADA /* clean_shoesUITestsLaunchTests.swift in Sources */ = {isa = PBXBuildFile; fileRef = 43DC98F527FB327C005FCADA /* clean_shoesUITestsLaunchTests.swift */; };
/* End PBXBuildFile section */

/* Begin PBXContainerItemProxy section */
		43DC98E627FB327C005FCADA /* PBXContainerItemProxy */ = {
			isa = PBXContainerItemProxy;
			containerPortal = 43DC98CD27FB327B005FCADA /* Project object */;
			proxyType = 1;
			remoteGlobalIDString = 43DC98D427FB327B005FCADA;
			remoteInfo = "clean-shoes";
		};
		43DC98F027FB327C005FCADA /* PBXContainerItemProxy */ = {
			isa = PBXContainerItemProxy;
			containerPortal = 43DC98CD27FB327B005FCADA /* Project object */;
			proxyType = 1;
			remoteGlobalIDString = 43DC98D427FB327B005FCADA;
			remoteInfo = "clean-shoes";
		};
/* End PBXContainerItemProxy section */

/* Begin PBXFileReference section */
		4360135927FB578100992315 /* CameraView.swift */ = {isa = PBXFileReference; lastKnownFileType = sourcecode.swift; name = CameraView.swift; path = "clean-shoes/CameraView.swift"; sourceTree = SOURCE_ROOT; };
		436D903D27FD7BA000D42729 /* Sneaker.swift */ = {isa = PBXFileReference; lastKnownFileType = sourcecode.swift; path = Sneaker.swift; sourceTree = "<group>"; };
		436D903F27FD7EFF00D42729 /* User.swift */ = {isa = PBXFileReference; lastKnownFileType = sourcecode.swift; path = User.swift; sourceTree = "<group>"; };
		436D904227FD94C300D42729 /* WeatherModel.swift */ = {isa = PBXFileReference; lastKnownFileType = sourcecode.swift; path = WeatherModel.swift; sourceTree = "<group>"; };
		436D904427FD951E00D42729 /* WeatherAPIClient.swift */ = {isa = PBXFileReference; lastKnownFileType = sourcecode.swift; path = WeatherAPIClient.swift; sourceTree = "<group>"; };
		43DC98D527FB327B005FCADA /* clean-shoes.app */ = {isa = PBXFileReference; explicitFileType = wrapper.application; includeInIndex = 0; path = "clean-shoes.app"; sourceTree = BUILT_PRODUCTS_DIR; };
		43DC98D827FB327B005FCADA /* clean_shoesApp.swift */ = {isa = PBXFileReference; lastKnownFileType = sourcecode.swift; path = clean_shoesApp.swift; sourceTree = "<group>"; };
		43DC98DA27FB327B005FCADA /* ContentView.swift */ = {isa = PBXFileReference; lastKnownFileType = sourcecode.swift; path = ContentView.swift; sourceTree = "<group>"; };
		43DC98DC27FB327C005FCADA /* Assets.xcassets */ = {isa = PBXFileReference; lastKnownFileType = folder.assetcatalog; path = Assets.xcassets; sourceTree = "<group>"; };
		43DC98DF27FB327C005FCADA /* Preview Assets.xcassets */ = {isa = PBXFileReference; lastKnownFileType = folder.assetcatalog; path = "Preview Assets.xcassets"; sourceTree = "<group>"; };
		43DC98E527FB327C005FCADA /* clean-shoesTests.xctest */ = {isa = PBXFileReference; explicitFileType = wrapper.cfbundle; includeInIndex = 0; path = "clean-shoesTests.xctest"; sourceTree = BUILT_PRODUCTS_DIR; };
		43DC98E927FB327C005FCADA /* clean_shoesTests.swift */ = {isa = PBXFileReference; lastKnownFileType = sourcecode.swift; path = clean_shoesTests.swift; sourceTree = "<group>"; };
		43DC98EF27FB327C005FCADA /* clean-shoesUITests.xctest */ = {isa = PBXFileReference; explicitFileType = wrapper.cfbundle; includeInIndex = 0; path = "clean-shoesUITests.xctest"; sourceTree = BUILT_PRODUCTS_DIR; };
		43DC98F327FB327C005FCADA /* clean_shoesUITests.swift */ = {isa = PBXFileReference; lastKnownFileType = sourcecode.swift; path = clean_shoesUITests.swift; sourceTree = "<group>"; };
		43DC98F527FB327C005FCADA /* clean_shoesUITestsLaunchTests.swift */ = {isa = PBXFileReference; lastKnownFileType = sourcecode.swift; path = clean_shoesUITestsLaunchTests.swift; sourceTree = "<group>"; };
/* End PBXFileReference section */

/* Begin PBXFrameworksBuildPhase section */
		43DC98D227FB327B005FCADA /* Frameworks */ = {
			isa = PBXFrameworksBuildPhase;
			buildActionMask = 2147483647;
			files = (
			);
			runOnlyForDeploymentPostprocessing = 0;
		};
		43DC98E227FB327C005FCADA /* Frameworks */ = {
			isa = PBXFrameworksBuildPhase;
			buildActionMask = 2147483647;
			files = (
			);
			runOnlyForDeploymentPostprocessing = 0;
		};
		43DC98EC27FB327C005FCADA /* Frameworks */ = {
			isa = PBXFrameworksBuildPhase;
			buildActionMask = 2147483647;
			files = (
			);
			runOnlyForDeploymentPostprocessing = 0;
		};
/* End PBXFrameworksBuildPhase section */

/* Begin PBXGroup section */
		4360135827FB478900992315 /* Views */ = {
			isa = PBXGroup;
			children = (
				43DC98DA27FB327B005FCADA /* ContentView.swift */,
			);
			path = Views;
			sourceTree = "<group>";
		};
		436D903C27FD7B6300D42729 /* Models */ = {
			isa = PBXGroup;
			children = (
				436D903D27FD7BA000D42729 /* Sneaker.swift */,
				436D903F27FD7EFF00D42729 /* User.swift */,
			);
			path = Models;
			sourceTree = "<group>";
		};
		436D904127FD948800D42729 /* WeatherAPIClient */ = {
			isa = PBXGroup;
			children = (
				436D904227FD94C300D42729 /* WeatherModel.swift */,
				436D904427FD951E00D42729 /* WeatherAPIClient.swift */,
			);
			path = WeatherAPIClient;
			sourceTree = "<group>";
		};
		43DC98CC27FB327B005FCADA = {
			isa = PBXGroup;
			children = (
				436D904127FD948800D42729 /* WeatherAPIClient */,
				436D903C27FD7B6300D42729 /* Models */,
				43DC98D727FB327B005FCADA /* clean-shoes */,
				43DC98E827FB327C005FCADA /* clean-shoesTests */,
				43DC98F227FB327C005FCADA /* clean-shoesUITests */,
				43DC98D627FB327B005FCADA /* Products */,
			);
			sourceTree = "<group>";
		};
		43DC98D627FB327B005FCADA /* Products */ = {
			isa = PBXGroup;
			children = (
				43DC98D527FB327B005FCADA /* clean-shoes.app */,
				43DC98E527FB327C005FCADA /* clean-shoesTests.xctest */,
				43DC98EF27FB327C005FCADA /* clean-shoesUITests.xctest */,
			);
			name = Products;
			sourceTree = "<group>";
		};
		43DC98D727FB327B005FCADA /* clean-shoes */ = {
			isa = PBXGroup;
			children = (
				4360135927FB578100992315 /* CameraView.swift */,
				4360135827FB478900992315 /* Views */,
				43DC98D827FB327B005FCADA /* clean_shoesApp.swift */,
				43DC98DC27FB327C005FCADA /* Assets.xcassets */,
				43DC98DE27FB327C005FCADA /* Preview Content */,
			);
			path = "clean-shoes";
			sourceTree = "<group>";
		};
		43DC98DE27FB327C005FCADA /* Preview Content */ = {
			isa = PBXGroup;
			children = (
				43DC98DF27FB327C005FCADA /* Preview Assets.xcassets */,
			);
			path = "Preview Content";
			sourceTree = "<group>";
		};
		43DC98E827FB327C005FCADA /* clean-shoesTests */ = {
			isa = PBXGroup;
			children = (
				43DC98E927FB327C005FCADA /* clean_shoesTests.swift */,
			);
			path = "clean-shoesTests";
			sourceTree = "<group>";
		};
		43DC98F227FB327C005FCADA /* clean-shoesUITests */ = {
			isa = PBXGroup;
			children = (
				43DC98F327FB327C005FCADA /* clean_shoesUITests.swift */,
				43DC98F527FB327C005FCADA /* clean_shoesUITestsLaunchTests.swift */,
			);
			path = "clean-shoesUITests";
			sourceTree = "<group>";
		};
/* End PBXGroup section */

/* Begin PBXNativeTarget section */
		43DC98D427FB327B005FCADA /* clean-shoes */ = {
			isa = PBXNativeTarget;
			buildConfigurationList = 43DC98F927FB327C005FCADA /* Build configuration list for PBXNativeTarget "clean-shoes" */;
			buildPhases = (
				43DC98D127FB327B005FCADA /* Sources */,
				43DC98D227FB327B005FCADA /* Frameworks */,
				43DC98D327FB327B005FCADA /* Resources */,
			);
			buildRules = (
			);
			dependencies = (
			);
			name = "clean-shoes";
			productName = "clean-shoes";
			productReference = 43DC98D527FB327B005FCADA /* clean-shoes.app */;
			productType = "com.apple.product-type.application";
		};
		43DC98E427FB327C005FCADA /* clean-shoesTests */ = {
			isa = PBXNativeTarget;
			buildConfigurationList = 43DC98FC27FB327C005FCADA /* Build configuration list for PBXNativeTarget "clean-shoesTests" */;
			buildPhases = (
				43DC98E127FB327C005FCADA /* Sources */,
				43DC98E227FB327C005FCADA /* Frameworks */,
				43DC98E327FB327C005FCADA /* Resources */,
			);
			buildRules = (
			);
			dependencies = (
				43DC98E727FB327C005FCADA /* PBXTargetDependency */,
			);
			name = "clean-shoesTests";
			productName = "clean-shoesTests";
			productReference = 43DC98E527FB327C005FCADA /* clean-shoesTests.xctest */;
			productType = "com.apple.product-type.bundle.unit-test";
		};
		43DC98EE27FB327C005FCADA /* clean-shoesUITests */ = {
			isa = PBXNativeTarget;
			buildConfigurationList = 43DC98FF27FB327C005FCADA /* Build configuration list for PBXNativeTarget "clean-shoesUITests" */;
			buildPhases = (
				43DC98EB27FB327C005FCADA /* Sources */,
				43DC98EC27FB327C005FCADA /* Frameworks */,
				43DC98ED27FB327C005FCADA /* Resources */,
			);
			buildRules = (
			);
			dependencies = (
				43DC98F127FB327C005FCADA /* PBXTargetDependency */,
			);
			name = "clean-shoesUITests";
			productName = "clean-shoesUITests";
			productReference = 43DC98EF27FB327C005FCADA /* clean-shoesUITests.xctest */;
			productType = "com.apple.product-type.bundle.ui-testing";
		};
/* End PBXNativeTarget section */

/* Begin PBXProject section */
		43DC98CD27FB327B005FCADA /* Project object */ = {
			isa = PBXProject;
			attributes = {
				BuildIndependentTargetsInParallel = 1;
				LastSwiftUpdateCheck = 1330;
				LastUpgradeCheck = 1330;
				TargetAttributes = {
					43DC98D427FB327B005FCADA = {
						CreatedOnToolsVersion = 13.3;
					};
					43DC98E427FB327C005FCADA = {
						CreatedOnToolsVersion = 13.3;
						TestTargetID = 43DC98D427FB327B005FCADA;
					};
					43DC98EE27FB327C005FCADA = {
						CreatedOnToolsVersion = 13.3;
						TestTargetID = 43DC98D427FB327B005FCADA;
					};
				};
			};
			buildConfigurationList = 43DC98D027FB327B005FCADA /* Build configuration list for PBXProject "clean-shoes" */;
			compatibilityVersion = "Xcode 13.0";
			developmentRegion = en;
			hasScannedForEncodings = 0;
			knownRegions = (
				en,
				Base,
			);
			mainGroup = 43DC98CC27FB327B005FCADA;
			productRefGroup = 43DC98D627FB327B005FCADA /* Products */;
			projectDirPath = "";
			projectRoot = "";
			targets = (
				43DC98D427FB327B005FCADA /* clean-shoes */,
				43DC98E427FB327C005FCADA /* clean-shoesTests */,
				43DC98EE27FB327C005FCADA /* clean-shoesUITests */,
			);
		};
/* End PBXProject section */

/* Begin PBXResourcesBuildPhase section */
		43DC98D327FB327B005FCADA /* Resources */ = {
			isa = PBXResourcesBuildPhase;
			buildActionMask = 2147483647;
			files = (
				43DC98E027FB327C005FCADA /* Preview Assets.xcassets in Resources */,
				43DC98DD27FB327C005FCADA /* Assets.xcassets in Resources */,
			);
			runOnlyForDeploymentPostprocessing = 0;
		};
		43DC98E327FB327C005FCADA /* Resources */ = {
			isa = PBXResourcesBuildPhase;
			buildActionMask = 2147483647;
			files = (
			);
			runOnlyForDeploymentPostprocessing = 0;
		};
		43DC98ED27FB327C005FCADA /* Resources */ = {
			isa = PBXResourcesBuildPhase;
			buildActionMask = 2147483647;
			files = (
			);
			runOnlyForDeploymentPostprocessing = 0;
		};
/* End PBXResourcesBuildPhase section */

/* Begin PBXSourcesBuildPhase section */
		43DC98D127FB327B005FCADA /* Sources */ = {
			isa = PBXSourcesBuildPhase;
			buildActionMask = 2147483647;
			files = (
				4360135A27FB578100992315 /* CameraView.swift in Sources */,
				436D903E27FD7BA000D42729 /* Sneaker.swift in Sources */,
				43DC98DB27FB327B005FCADA /* ContentView.swift in Sources */,
				436D904027FD7EFF00D42729 /* User.swift in Sources */,
				436D904327FD94C300D42729 /* WeatherModel.swift in Sources */,
				43DC98D927FB327B005FCADA /* clean_shoesApp.swift in Sources */,
				436D904527FD951E00D42729 /* WeatherAPIClient.swift in Sources */,
			);
			runOnlyForDeploymentPostprocessing = 0;
		};
		43DC98E127FB327C005FCADA /* Sources */ = {
			isa = PBXSourcesBuildPhase;
			buildActionMask = 2147483647;
			files = (
				43DC98EA27FB327C005FCADA /* clean_shoesTests.swift in Sources */,
			);
			runOnlyForDeploymentPostprocessing = 0;
		};
		43DC98EB27FB327C005FCADA /* Sources */ = {
			isa = PBXSourcesBuildPhase;
			buildActionMask = 2147483647;
			files = (
				43DC98F427FB327C005FCADA /* clean_shoesUITests.swift in Sources */,
				43DC98F627FB327C005FCADA /* clean_shoesUITestsLaunchTests.swift in Sources */,
			);
			runOnlyForDeploymentPostprocessing = 0;
		};
/* End PBXSourcesBuildPhase section */

/* Begin PBXTargetDependency section */
		43DC98E727FB327C005FCADA /* PBXTargetDependency */ = {
			isa = PBXTargetDependency;
			target = 43DC98D427FB327B005FCADA /* clean-shoes */;
			targetProxy = 43DC98E627FB327C005FCADA /* PBXContainerItemProxy */;
		};
		43DC98F127FB327C005FCADA /* PBXTargetDependency */ = {
			isa = PBXTargetDependency;
			target = 43DC98D427FB327B005FCADA /* clean-shoes */;
			targetProxy = 43DC98F027FB327C005FCADA /* PBXContainerItemProxy */;
		};
/* End PBXTargetDependency section */

/* Begin XCBuildConfiguration section */
		43DC98F727FB327C005FCADA /* Debug */ = {
			isa = XCBuildConfiguration;
			buildSettings = {
				ALWAYS_SEARCH_USER_PATHS = NO;
				CLANG_ANALYZER_NONNULL = YES;
				CLANG_ANALYZER_NUMBER_OBJECT_CONVERSION = YES_AGGRESSIVE;
				CLANG_CXX_LANGUAGE_STANDARD = "gnu++17";
				CLANG_ENABLE_MODULES = YES;
				CLANG_ENABLE_OBJC_ARC = YES;
				CLANG_ENABLE_OBJC_WEAK = YES;
				CLANG_WARN_BLOCK_CAPTURE_AUTORELEASING = YES;
				CLANG_WARN_BOOL_CONVERSION = YES;
				CLANG_WARN_COMMA = YES;
				CLANG_WARN_CONSTANT_CONVERSION = YES;
				CLANG_WARN_DEPRECATED_OBJC_IMPLEMENTATIONS = YES;
				CLANG_WARN_DIRECT_OBJC_ISA_USAGE = YES_ERROR;
				CLANG_WARN_DOCUMENTATION_COMMENTS = YES;
				CLANG_WARN_EMPTY_BODY = YES;
				CLANG_WARN_ENUM_CONVERSION = YES;
				CLANG_WARN_INFINITE_RECURSION = YES;
				CLANG_WARN_INT_CONVERSION = YES;
				CLANG_WARN_NON_LITERAL_NULL_CONVERSION = YES;
				CLANG_WARN_OBJC_IMPLICIT_RETAIN_SELF = YES;
				CLANG_WARN_OBJC_LITERAL_CONVERSION = YES;
				CLANG_WARN_OBJC_ROOT_CLASS = YES_ERROR;
				CLANG_WARN_QUOTED_INCLUDE_IN_FRAMEWORK_HEADER = YES;
				CLANG_WARN_RANGE_LOOP_ANALYSIS = YES;
				CLANG_WARN_STRICT_PROTOTYPES = YES;
				CLANG_WARN_SUSPICIOUS_MOVE = YES;
				CLANG_WARN_UNGUARDED_AVAILABILITY = YES_AGGRESSIVE;
				CLANG_WARN_UNREACHABLE_CODE = YES;
				CLANG_WARN__DUPLICATE_METHOD_MATCH = YES;
				COPY_PHASE_STRIP = NO;
				DEBUG_INFORMATION_FORMAT = dwarf;
				ENABLE_STRICT_OBJC_MSGSEND = YES;
				ENABLE_TESTABILITY = YES;
				GCC_C_LANGUAGE_STANDARD = gnu11;
				GCC_DYNAMIC_NO_PIC = NO;
				GCC_NO_COMMON_BLOCKS = YES;
				GCC_OPTIMIZATION_LEVEL = 0;
				GCC_PREPROCESSOR_DEFINITIONS = (
					"DEBUG=1",
					"$(inherited)",
				);
				GCC_WARN_64_TO_32_BIT_CONVERSION = YES;
				GCC_WARN_ABOUT_RETURN_TYPE = YES_ERROR;
				GCC_WARN_UNDECLARED_SELECTOR = YES;
				GCC_WARN_UNINITIALIZED_AUTOS = YES_AGGRESSIVE;
				GCC_WARN_UNUSED_FUNCTION = YES;
				GCC_WARN_UNUSED_VARIABLE = YES;
				IPHONEOS_DEPLOYMENT_TARGET = 15.4;
				MTL_ENABLE_DEBUG_INFO = INCLUDE_SOURCE;
				MTL_FAST_MATH = YES;
				ONLY_ACTIVE_ARCH = YES;
				SDKROOT = iphoneos;
				SWIFT_ACTIVE_COMPILATION_CONDITIONS = DEBUG;
				SWIFT_OPTIMIZATION_LEVEL = "-Onone";
			};
			name = Debug;
		};
		43DC98F827FB327C005FCADA /* Release */ = {
			isa = XCBuildConfiguration;
			buildSettings = {
				ALWAYS_SEARCH_USER_PATHS = NO;
				CLANG_ANALYZER_NONNULL = YES;
				CLANG_ANALYZER_NUMBER_OBJECT_CONVERSION = YES_AGGRESSIVE;
				CLANG_CXX_LANGUAGE_STANDARD = "gnu++17";
				CLANG_ENABLE_MODULES = YES;
				CLANG_ENABLE_OBJC_ARC = YES;
				CLANG_ENABLE_OBJC_WEAK = YES;
				CLANG_WARN_BLOCK_CAPTURE_AUTORELEASING = YES;
				CLANG_WARN_BOOL_CONVERSION = YES;
				CLANG_WARN_COMMA = YES;
				CLANG_WARN_CONSTANT_CONVERSION = YES;
				CLANG_WARN_DEPRECATED_OBJC_IMPLEMENTATIONS = YES;
				CLANG_WARN_DIRECT_OBJC_ISA_USAGE = YES_ERROR;
				CLANG_WARN_DOCUMENTATION_COMMENTS = YES;
				CLANG_WARN_EMPTY_BODY = YES;
				CLANG_WARN_ENUM_CONVERSION = YES;
				CLANG_WARN_INFINITE_RECURSION = YES;
				CLANG_WARN_INT_CONVERSION = YES;
				CLANG_WARN_NON_LITERAL_NULL_CONVERSION = YES;
				CLANG_WARN_OBJC_IMPLICIT_RETAIN_SELF = YES;
				CLANG_WARN_OBJC_LITERAL_CONVERSION = YES;
				CLANG_WARN_OBJC_ROOT_CLASS = YES_ERROR;
				CLANG_WARN_QUOTED_INCLUDE_IN_FRAMEWORK_HEADER = YES;
				CLANG_WARN_RANGE_LOOP_ANALYSIS = YES;
				CLANG_WARN_STRICT_PROTOTYPES = YES;
				CLANG_WARN_SUSPICIOUS_MOVE = YES;
				CLANG_WARN_UNGUARDED_AVAILABILITY = YES_AGGRESSIVE;
				CLANG_WARN_UNREACHABLE_CODE = YES;
				CLANG_WARN__DUPLICATE_METHOD_MATCH = YES;
				COPY_PHASE_STRIP = NO;
				DEBUG_INFORMATION_FORMAT = "dwarf-with-dsym";
				ENABLE_NS_ASSERTIONS = NO;
				ENABLE_STRICT_OBJC_MSGSEND = YES;
				GCC_C_LANGUAGE_STANDARD = gnu11;
				GCC_NO_COMMON_BLOCKS = YES;
				GCC_WARN_64_TO_32_BIT_CONVERSION = YES;
				GCC_WARN_ABOUT_RETURN_TYPE = YES_ERROR;
				GCC_WARN_UNDECLARED_SELECTOR = YES;
				GCC_WARN_UNINITIALIZED_AUTOS = YES_AGGRESSIVE;
				GCC_WARN_UNUSED_FUNCTION = YES;
				GCC_WARN_UNUSED_VARIABLE = YES;
				IPHONEOS_DEPLOYMENT_TARGET = 15.4;
				MTL_ENABLE_DEBUG_INFO = NO;
				MTL_FAST_MATH = YES;
				SDKROOT = iphoneos;
				SWIFT_COMPILATION_MODE = wholemodule;
				SWIFT_OPTIMIZATION_LEVEL = "-O";
				VALIDATE_PRODUCT = YES;
			};
			name = Release;
		};
		43DC98FA27FB327C005FCADA /* Debug */ = {
			isa = XCBuildConfiguration;
			buildSettings = {
				ASSETCATALOG_COMPILER_APPICON_NAME = AppIcon;
				ASSETCATALOG_COMPILER_GLOBAL_ACCENT_COLOR_NAME = AccentColor;
				CODE_SIGN_STYLE = Automatic;
				CURRENT_PROJECT_VERSION = 1;
				DEVELOPMENT_ASSET_PATHS = "\"clean-shoes/Preview Content\"";
				ENABLE_PREVIEWS = YES;
				GENERATE_INFOPLIST_FILE = YES;
				INFOPLIST_KEY_LSApplicationCategoryType = "";
				INFOPLIST_KEY_NSCameraUsageDescription = "Taking photos";
				INFOPLIST_KEY_NSLocationWhenInUseUsageDescription = "Location for weather";
				INFOPLIST_KEY_NSPhotoLibraryUsageDescription = "Accessing photo gallery";
				INFOPLIST_KEY_UIApplicationSceneManifest_Generation = YES;
				INFOPLIST_KEY_UIApplicationSupportsIndirectInputEvents = YES;
				INFOPLIST_KEY_UILaunchScreen_Generation = YES;
				INFOPLIST_KEY_UISupportedInterfaceOrientations_iPad = "UIInterfaceOrientationPortrait UIInterfaceOrientationPortraitUpsideDown UIInterfaceOrientationLandscapeLeft UIInterfaceOrientationLandscapeRight";
				INFOPLIST_KEY_UISupportedInterfaceOrientations_iPhone = "UIInterfaceOrientationPortrait UIInterfaceOrientationLandscapeLeft UIInterfaceOrientationLandscapeRight";
				LD_RUNPATH_SEARCH_PATHS = (
					"$(inherited)",
					"@executable_path/Frameworks",
				);
				MARKETING_VERSION = 1.0;
				PRODUCT_BUNDLE_IDENTIFIER = "com.s4.clean-shoes";
				PRODUCT_NAME = "$(TARGET_NAME)";
				SWIFT_EMIT_LOC_STRINGS = YES;
				SWIFT_VERSION = 5.0;
				TARGETED_DEVICE_FAMILY = "1,2";
			};
			name = Debug;
		};
		43DC98FB27FB327C005FCADA /* Release */ = {
			isa = XCBuildConfiguration;
			buildSettings = {
				ASSETCATALOG_COMPILER_APPICON_NAME = AppIcon;
				ASSETCATALOG_COMPILER_GLOBAL_ACCENT_COLOR_NAME = AccentColor;
				CODE_SIGN_STYLE = Automatic;
				CURRENT_PROJECT_VERSION = 1;
				DEVELOPMENT_ASSET_PATHS = "\"clean-shoes/Preview Content\"";
				ENABLE_PREVIEWS = YES;
				GENERATE_INFOPLIST_FILE = YES;
				INFOPLIST_KEY_LSApplicationCategoryType = "";
				INFOPLIST_KEY_NSCameraUsageDescription = "Taking photos";
				INFOPLIST_KEY_NSLocationWhenInUseUsageDescription = "Location for weather";
				INFOPLIST_KEY_NSPhotoLibraryUsageDescription = "Accessing photo gallery";
				INFOPLIST_KEY_UIApplicationSceneManifest_Generation = YES;
				INFOPLIST_KEY_UIApplicationSupportsIndirectInputEvents = YES;
				INFOPLIST_KEY_UILaunchScreen_Generation = YES;
				INFOPLIST_KEY_UISupportedInterfaceOrientations_iPad = "UIInterfaceOrientationPortrait UIInterfaceOrientationPortraitUpsideDown UIInterfaceOrientationLandscapeLeft UIInterfaceOrientationLandscapeRight";
				INFOPLIST_KEY_UISupportedInterfaceOrientations_iPhone = "UIInterfaceOrientationPortrait UIInterfaceOrientationLandscapeLeft UIInterfaceOrientationLandscapeRight";
				LD_RUNPATH_SEARCH_PATHS = (
					"$(inherited)",
					"@executable_path/Frameworks",
				);
				MARKETING_VERSION = 1.0;
				PRODUCT_BUNDLE_IDENTIFIER = "com.s4.clean-shoes";
				PRODUCT_NAME = "$(TARGET_NAME)";
				SWIFT_EMIT_LOC_STRINGS = YES;
				SWIFT_VERSION = 5.0;
				TARGETED_DEVICE_FAMILY = "1,2";
			};
			name = Release;
		};
		43DC98FD27FB327C005FCADA /* Debug */ = {
			isa = XCBuildConfiguration;
			buildSettings = {
				ALWAYS_EMBED_SWIFT_STANDARD_LIBRARIES = YES;
				BUNDLE_LOADER = "$(TEST_HOST)";
				CODE_SIGN_STYLE = Automatic;
				CURRENT_PROJECT_VERSION = 1;
				GENERATE_INFOPLIST_FILE = YES;
				IPHONEOS_DEPLOYMENT_TARGET = 15.4;
				MARKETING_VERSION = 1.0;
				PRODUCT_BUNDLE_IDENTIFIER = "com.s4.clean-shoesTests";
				PRODUCT_NAME = "$(TARGET_NAME)";
				SWIFT_EMIT_LOC_STRINGS = NO;
				SWIFT_VERSION = 5.0;
				TARGETED_DEVICE_FAMILY = "1,2";
				TEST_HOST = "$(BUILT_PRODUCTS_DIR)/clean-shoes.app/clean-shoes";
			};
			name = Debug;
		};
		43DC98FE27FB327C005FCADA /* Release */ = {
			isa = XCBuildConfiguration;
			buildSettings = {
				ALWAYS_EMBED_SWIFT_STANDARD_LIBRARIES = YES;
				BUNDLE_LOADER = "$(TEST_HOST)";
				CODE_SIGN_STYLE = Automatic;
				CURRENT_PROJECT_VERSION = 1;
				GENERATE_INFOPLIST_FILE = YES;
				IPHONEOS_DEPLOYMENT_TARGET = 15.4;
				MARKETING_VERSION = 1.0;
				PRODUCT_BUNDLE_IDENTIFIER = "com.s4.clean-shoesTests";
				PRODUCT_NAME = "$(TARGET_NAME)";
				SWIFT_EMIT_LOC_STRINGS = NO;
				SWIFT_VERSION = 5.0;
				TARGETED_DEVICE_FAMILY = "1,2";
				TEST_HOST = "$(BUILT_PRODUCTS_DIR)/clean-shoes.app/clean-shoes";
			};
			name = Release;
		};
		43DC990027FB327C005FCADA /* Debug */ = {
			isa = XCBuildConfiguration;
			buildSettings = {
				ALWAYS_EMBED_SWIFT_STANDARD_LIBRARIES = YES;
				CODE_SIGN_STYLE = Automatic;
				CURRENT_PROJECT_VERSION = 1;
				GENERATE_INFOPLIST_FILE = YES;
				MARKETING_VERSION = 1.0;
				PRODUCT_BUNDLE_IDENTIFIER = "com.s4.clean-shoesUITests";
				PRODUCT_NAME = "$(TARGET_NAME)";
				SWIFT_EMIT_LOC_STRINGS = NO;
				SWIFT_VERSION = 5.0;
				TARGETED_DEVICE_FAMILY = "1,2";
				TEST_TARGET_NAME = "clean-shoes";
			};
			name = Debug;
		};
		43DC990127FB327C005FCADA /* Release */ = {
			isa = XCBuildConfiguration;
			buildSettings = {
				ALWAYS_EMBED_SWIFT_STANDARD_LIBRARIES = YES;
				CODE_SIGN_STYLE = Automatic;
				CURRENT_PROJECT_VERSION = 1;
				GENERATE_INFOPLIST_FILE = YES;
				MARKETING_VERSION = 1.0;
				PRODUCT_BUNDLE_IDENTIFIER = "com.s4.clean-shoesUITests";
				PRODUCT_NAME = "$(TARGET_NAME)";
				SWIFT_EMIT_LOC_STRINGS = NO;
				SWIFT_VERSION = 5.0;
				TARGETED_DEVICE_FAMILY = "1,2";
				TEST_TARGET_NAME = "clean-shoes";
			};
			name = Release;
		};
/* End XCBuildConfiguration section */

/* Begin XCConfigurationList section */
		43DC98D027FB327B005FCADA /* Build configuration list for PBXProject "clean-shoes" */ = {
			isa = XCConfigurationList;
			buildConfigurations = (
				43DC98F727FB327C005FCADA /* Debug */,
				43DC98F827FB327C005FCADA /* Release */,
			);
			defaultConfigurationIsVisible = 0;
			defaultConfigurationName = Release;
		};
		43DC98F927FB327C005FCADA /* Build configuration list for PBXNativeTarget "clean-shoes" */ = {
			isa = XCConfigurationList;
			buildConfigurations = (
				43DC98FA27FB327C005FCADA /* Debug */,
				43DC98FB27FB327C005FCADA /* Release */,
			);
			defaultConfigurationIsVisible = 0;
			defaultConfigurationName = Release;
		};
		43DC98FC27FB327C005FCADA /* Build configuration list for PBXNativeTarget "clean-shoesTests" */ = {
			isa = XCConfigurationList;
			buildConfigurations = (
				43DC98FD27FB327C005FCADA /* Debug */,
				43DC98FE27FB327C005FCADA /* Release */,
			);
			defaultConfigurationIsVisible = 0;
			defaultConfigurationName = Release;
		};
		43DC98FF27FB327C005FCADA /* Build configuration list for PBXNativeTarget "clean-shoesUITests" */ = {
			isa = XCConfigurationList;
			buildConfigurations = (
				43DC990027FB327C005FCADA /* Debug */,
				43DC990127FB327C005FCADA /* Release */,
			);
			defaultConfigurationIsVisible = 0;
			defaultConfigurationName = Release;
		};
/* End XCConfigurationList section */
	};
	rootObject = 43DC98CD27FB327B005FCADA /* Project object */;
}
